
Microsoft Visual Studio Solution File, Format Version 12.00
Project("{FAE04EC0-301F-11D3-BF4B-00C04F79EFBC}") = "Server", "Server\Server.csproj", "{12D3383D-AB51-4244-BFDF-8AA5096ACEF5}"
EndProject
Project("{FAE04EC0-301F-11D3-BF4B-00C04F79EFBC}") = "Player2", "Player2\Player2.csproj", "{5B93A55B-9FCD-49E2-8F9C-009644647A60}"
EndProject
Global
	GlobalSection(SolutionConfigurationPlatforms) = preSolution
		Debug|Any CPU = Debug|Any CPU
		Release|Any CPU = Release|Any CPU
	EndGlobalSection
	GlobalSection(ProjectConfigurationPlatforms) = postSolution
		{12D3383D-AB51-4244-BFDF-8AA5096ACEF5}.Debug|Any CPU.ActiveCfg = Debug|Any CPU
		{12D3383D-AB51-4244-BFDF-8AA5096ACEF5}.Debug|Any CPU.Build.0 = Debug|Any CPU
		{12D3383D-AB51-4244-BFDF-8AA5096ACEF5}.Release|Any CPU.ActiveCfg = Release|Any CPU
		{12D3383D-AB51-4244-BFDF-8AA5096ACEF5}.Release|Any CPU.Build.0 = Release|Any CPU
		{5B93A55B-9FCD-49E2-8F9C-009644647A60}.Debug|Any CPU.ActiveCfg = Debug|Any CPU
		{5B93A55B-9FCD-49E2-8F9C-009644647A60}.Debug|Any CPU.Build.0 = Debug|Any CPU
		{5B93A55B-9FCD-49E2-8F9C-009644647A60}.Release|Any CPU.ActiveCfg = Release|Any CPU
		{5B93A55B-9FCD-49E2-8F9C-009644647A60}.Release|Any CPU.Build.0 = Release|Any CPU
	EndGlobalSection
EndGlobal
